
Microsoft Visual Studio Solution File, Format Version 12.00
# Visual Studio Version 16
VisualStudioVersion = 16.0.29509.3
MinimumVisualStudioVersion = 10.0.40219.1
Project("{9A19103F-16F7-4668-BE54-9A1E7A4F7556}") = "Eshop", "Eshop.API\Eshop.csproj", "{B9D32C28-381A-4036-A601-BB21A85A22EE}"
EndProject
Project("{9A19103F-16F7-4668-BE54-9A1E7A4F7556}") = "Eshop.Domain", "Domain\Eshop.Domain.csproj", "{20815BEB-8A62-4161-8505-343132E64652}"
EndProject
Project("{9A19103F-16F7-4668-BE54-9A1E7A4F7556}") = "Eshop.Entity", "Eshop.Entity\Eshop.Entity.csproj", "{0216B152-A9F6-4761-B0BF-B94D63CFF94B}"
EndProject
Global
	GlobalSection(SolutionConfigurationPlatforms) = preSolution
		Debug|Any CPU = Debug|Any CPU
		Release|Any CPU = Release|Any CPU
	EndGlobalSection
	GlobalSection(ProjectConfigurationPlatforms) = postSolution
		{B9D32C28-381A-4036-A601-BB21A85A22EE}.Debug|Any CPU.ActiveCfg = Debug|Any CPU
		{B9D32C28-381A-4036-A601-BB21A85A22EE}.Debug|Any CPU.Build.0 = Debug|Any CPU
		{B9D32C28-381A-4036-A601-BB21A85A22EE}.Release|Any CPU.ActiveCfg = Release|Any CPU
		{B9D32C28-381A-4036-A601-BB21A85A22EE}.Release|Any CPU.Build.0 = Release|Any CPU
		{20815BEB-8A62-4161-8505-343132E64652}.Debug|Any CPU.ActiveCfg = Debug|Any CPU
		{20815BEB-8A62-4161-8505-343132E64652}.Debug|Any CPU.Build.0 = Debug|Any CPU
		{20815BEB-8A62-4161-8505-343132E64652}.Release|Any CPU.ActiveCfg = Release|Any CPU
		{20815BEB-8A62-4161-8505-343132E64652}.Release|Any CPU.Build.0 = Release|Any CPU
		{0216B152-A9F6-4761-B0BF-B94D63CFF94B}.Debug|Any CPU.ActiveCfg = Debug|Any CPU
		{0216B152-A9F6-4761-B0BF-B94D63CFF94B}.Debug|Any CPU.Build.0 = Debug|Any CPU
		{0216B152-A9F6-4761-B0BF-B94D63CFF94B}.Release|Any CPU.ActiveCfg = Release|Any CPU
		{0216B152-A9F6-4761-B0BF-B94D63CFF94B}.Release|Any CPU.Build.0 = Release|Any CPU
	EndGlobalSection
	GlobalSection(SolutionProperties) = preSolution
		HideSolutionNode = FALSE
	EndGlobalSection
	GlobalSection(ExtensibilityGlobals) = postSolution
		SolutionGuid = {8CC52459-271B-4FF9-B2AE-B1DE1D5F9B68}
	EndGlobalSection
EndGlobal
